
Microsoft Visual Studio Solution File, Format Version 12.00
# Visual Studio Version 16
VisualStudioVersion = 16.0.32407.337
MinimumVisualStudioVersion = 10.0.40219.1
Project("{FAE04EC0-301F-11D3-BF4B-00C04F79EFBC}") = "MyWebApi", "MyWebApi\MyWebApi.csproj", "{F26AE0F2-593A-44E9-823A-435561E47BB9}"
EndProject
Global
	GlobalSection(SolutionConfigurationPlatforms) = preSolution
		Debug|Any CPU = Debug|Any CPU
		Release|Any CPU = Release|Any CPU
	EndGlobalSection
	GlobalSection(ProjectConfigurationPlatforms) = postSolution
		{F26AE0F2-593A-44E9-823A-435561E47BB9}.Debug|Any CPU.ActiveCfg = Debug|Any CPU
		{F26AE0F2-593A-44E9-823A-435561E47BB9}.Debug|Any CPU.Build.0 = Debug|Any CPU
		{F26AE0F2-593A-44E9-823A-435561E47BB9}.Release|Any CPU.ActiveCfg = Release|Any CPU
		{F26AE0F2-593A-44E9-823A-435561E47BB9}.Release|Any CPU.Build.0 = Release|Any CPU
	EndGlobalSection
	GlobalSection(SolutionProperties) = preSolution
		HideSolutionNode = FALSE
	EndGlobalSection
	GlobalSection(ExtensibilityGlobals) = postSolution
		SolutionGuid = {062F3E77-38D6-45E7-8D42-EB8F4692EED7}
	EndGlobalSection
EndGlobal
